# This file is @generated by PDM.
# It is not intended for manual editing.

[metadata]
groups = ["default"]
strategy = ["cross_platform"]
lock_version = "4.4"
content_hash = "sha256:60aac8c6c01e1e6b824037ec7f6b753350874793bd346e85950a12f5bb025e66"

[[package]]
name = "annotated-types"
version = "0.6.0"
requires_python = ">=3.8"
summary = "Reusable constraint types to use with typing.Annotated"
files = [
    {file = "annotated_types-0.6.0-py3-none-any.whl", hash = "sha256:0641064de18ba7a25dee8f96403ebc39113d0cb953a01429249d5c7564666a43"},
    {file = "annotated_types-0.6.0.tar.gz", hash = "sha256:563339e807e53ffd9c267e99fc6d9ea23eb8443c08f112651963e24e22f84a5d"},
]

[[package]]
name = "blis"
version = "0.7.11"
summary = "The Blis BLAS-like linear algebra library, as a self-contained C-extension."
dependencies = [
    "numpy>=1.19.0; python_version >= \"3.9\"",
]
files = [
    {file = "blis-0.7.11-cp311-cp311-macosx_10_9_x86_64.whl", hash = "sha256:1b68df4d01d62f9adaef3dad6f96418787265a6878891fc4e0fabafd6d02afba"},
    {file = "blis-0.7.11-cp311-cp311-macosx_11_0_arm64.whl", hash = "sha256:162e60d941a8151418d558a94ee5547cb1bbeed9f26b3b6f89ec9243f111a201"},
    {file = "blis-0.7.11-cp311-cp311-manylinux_2_17_aarch64.manylinux2014_aarch64.whl", hash = "sha256:686a7d0111d5ba727cd62f374748952fd6eb74701b18177f525b16209a253c01"},
    {file = "blis-0.7.11-cp311-cp311-manylinux_2_17_x86_64.manylinux2014_x86_64.whl", hash = "sha256:0421d6e44cda202b113a34761f9a062b53f8c2ae8e4ec8325a76e709fca93b6e"},
    {file = "blis-0.7.11-cp311-cp311-win_amd64.whl", hash = "sha256:0dc9dcb3843045b6b8b00432409fd5ee96b8344a324e031bfec7303838c41a1a"},
    {file = "blis-0.7.11-cp312-cp312-macosx_10_9_x86_64.whl", hash = "sha256:dadf8713ea51d91444d14ad4104a5493fa7ecc401bbb5f4a203ff6448fadb113"},
    {file = "blis-0.7.11-cp312-cp312-macosx_11_0_arm64.whl", hash = "sha256:5bcdaf370f03adaf4171d6405a89fa66cb3c09399d75fc02e1230a78cd2759e4"},
    {file = "blis-0.7.11-cp312-cp312-manylinux_2_17_aarch64.manylinux2014_aarch64.whl", hash = "sha256:7de19264b1d49a178bf8035406d0ae77831f3bfaa3ce02942964a81a202abb03"},
    {file = "blis-0.7.11-cp312-cp312-manylinux_2_17_x86_64.manylinux2014_x86_64.whl", hash = "sha256:8ea55c6a4a60fcbf6a0fdce40df6e254451ce636988323a34b9c94b583fc11e5"},
    {file = "blis-0.7.11-cp312-cp312-win_amd64.whl", hash = "sha256:5a305dbfc96d202a20d0edd6edf74a406b7e1404f4fa4397d24c68454e60b1b4"},
    {file = "blis-0.7.11.tar.gz", hash = "sha256:cec6d48f75f7ac328ae1b6fbb372dde8c8a57c89559172277f66e01ff08d4d42"},
]

[[package]]
name = "catalogue"
version = "2.0.10"
requires_python = ">=3.6"
summary = "Super lightweight function registries for your library"
files = [
    {file = "catalogue-2.0.10-py3-none-any.whl", hash = "sha256:58c2de0020aa90f4a2da7dfad161bf7b3b054c86a5f09fcedc0b2b740c109a9f"},
    {file = "catalogue-2.0.10.tar.gz", hash = "sha256:4f56daa940913d3f09d589c191c74e5a6d51762b3a9e37dd53b7437afd6cda15"},
]

[[package]]
name = "certifi"
version = "2023.11.17"
requires_python = ">=3.6"
summary = "Python package for providing Mozilla's CA Bundle."
files = [
    {file = "certifi-2023.11.17-py3-none-any.whl", hash = "sha256:e036ab49d5b79556f99cfc2d9320b34cfbe5be05c5871b51de9329f0603b0474"},
    {file = "certifi-2023.11.17.tar.gz", hash = "sha256:9b469f3a900bf28dc19b8cfbf8019bf47f7fdd1a65a1d4ffb98fc14166beb4d1"},
]

[[package]]
name = "charset-normalizer"
version = "3.3.2"
requires_python = ">=3.7.0"
summary = "The Real First Universal Charset Detector. Open, modern and actively maintained alternative to Chardet."
files = [
    {file = "charset-normalizer-3.3.2.tar.gz", hash = "sha256:f30c3cb33b24454a82faecaf01b19c18562b1e89558fb6c56de4d9118a032fd5"},
    {file = "charset_normalizer-3.3.2-cp311-cp311-macosx_10_9_universal2.whl", hash = "sha256:802fe99cca7457642125a8a88a084cef28ff0cf9407060f7b93dca5aa25480db"},
    {file = "charset_normalizer-3.3.2-cp311-cp311-macosx_10_9_x86_64.whl", hash = "sha256:573f6eac48f4769d667c4442081b1794f52919e7edada77495aaed9236d13a96"},
    {file = "charset_normalizer-3.3.2-cp311-cp311-macosx_11_0_arm64.whl", hash = "sha256:549a3a73da901d5bc3ce8d24e0600d1fa85524c10287f6004fbab87672bf3e1e"},
    {file = "charset_normalizer-3.3.2-cp311-cp311-manylinux_2_17_aarch64.manylinux2014_aarch64.whl", hash = "sha256:f27273b60488abe721a075bcca6d7f3964f9f6f067c8c4c605743023d7d3944f"},
    {file = "charset_normalizer-3.3.2-cp311-cp311-manylinux_2_17_ppc64le.manylinux2014_ppc64le.whl", hash = "sha256:1ceae2f17a9c33cb48e3263960dc5fc8005351ee19db217e9b1bb15d28c02574"},
    {file = "charset_normalizer-3.3.2-cp311-cp311-manylinux_2_17_s390x.manylinux2014_s390x.whl", hash = "sha256:65f6f63034100ead094b8744b3b97965785388f308a64cf8d7c34f2f2e5be0c4"},
    {file = "charset_normalizer-3.3.2-cp311-cp311-manylinux_2_17_x86_64.manylinux2014_x86_64.whl", hash = "sha256:753f10e867343b4511128c6ed8c82f7bec3bd026875576dfd88483c5c73b2fd8"},
    {file = "charset_normalizer-3.3.2-cp311-cp311-manylinux_2_5_i686.manylinux1_i686.manylinux_2_17_i686.manylinux2014_i686.whl", hash = "sha256:4a78b2b446bd7c934f5dcedc588903fb2f5eec172f3d29e52a9096a43722adfc"},
    {file = "charset_normalizer-3.3.2-cp311-cp311-musllinux_1_1_aarch64.whl", hash = "sha256:e537484df0d8f426ce2afb2d0f8e1c3d0b114b83f8850e5f2fbea0e797bd82ae"},
    {file = "charset_normalizer-3.3.2-cp311-cp311-musllinux_1_1_i686.whl", hash = "sha256:eb6904c354526e758fda7167b33005998fb68c46fbc10e013ca97f21ca5c8887"},
    {file = "charset_normalizer-3.3.2-cp311-cp311-musllinux_1_1_ppc64le.whl", hash = "sha256:deb6be0ac38ece9ba87dea880e438f25ca3eddfac8b002a2ec3d9183a454e8ae"},
    {file = "charset_normalizer-3.3.2-cp311-cp311-musllinux_1_1_s390x.whl", hash = "sha256:4ab2fe47fae9e0f9dee8c04187ce5d09f48eabe611be8259444906793ab7cbce"},
    {file = "charset_normalizer-3.3.2-cp311-cp311-musllinux_1_1_x86_64.whl", hash = "sha256:80402cd6ee291dcb72644d6eac93785fe2c8b9cb30893c1af5b8fdd753b9d40f"},
    {file = "charset_normalizer-3.3.2-cp311-cp311-win32.whl", hash = "sha256:7cd13a2e3ddeed6913a65e66e94b51d80a041145a026c27e6bb76c31a853c6ab"},
    {file = "charset_normalizer-3.3.2-cp311-cp311-win_amd64.whl", hash = "sha256:663946639d296df6a2bb2aa51b60a2454ca1cb29835324c640dafb5ff2131a77"},
    {file = "charset_normalizer-3.3.2-cp312-cp312-macosx_10_9_universal2.whl", hash = "sha256:0b2b64d2bb6d3fb9112bafa732def486049e63de9618b5843bcdd081d8144cd8"},
    {file = "charset_normalizer-3.3.2-cp312-cp312-macosx_10_9_x86_64.whl", hash = "sha256:ddbb2551d7e0102e7252db79ba445cdab71b26640817ab1e3e3648dad515003b"},
    {file = "charset_normalizer-3.3.2-cp312-cp312-macosx_11_0_arm64.whl", hash = "sha256:55086ee1064215781fff39a1af09518bc9255b50d6333f2e4c74ca09fac6a8f6"},
    {file = "charset_normalizer-3.3.2-cp312-cp312-manylinux_2_17_aarch64.manylinux2014_aarch64.whl", hash = "sha256:8f4a014bc36d3c57402e2977dada34f9c12300af536839dc38c0beab8878f38a"},
    {file = "charset_normalizer-3.3.2-cp312-cp312-manylinux_2_17_ppc64le.manylinux2014_ppc64le.whl", hash = "sha256:a10af20b82360ab00827f916a6058451b723b4e65030c5a18577c8b2de5b3389"},
    {file = "charset_normalizer-3.3.2-cp312-cp312-manylinux_2_17_s390x.manylinux2014_s390x.whl", hash = "sha256:8d756e44e94489e49571086ef83b2bb8ce311e730092d2c34ca8f7d925cb20aa"},
    {file = "charset_normalizer-3.3.2-cp312-cp312-manylinux_2_17_x86_64.manylinux2014_x86_64.whl", hash = "sha256:90d558489962fd4918143277a773316e56c72da56ec7aa3dc3dbbe20fdfed15b"},
    {file = "charset_normalizer-3.3.2-cp312-cp312-manylinux_2_5_i686.manylinux1_i686.manylinux_2_17_i686.manylinux2014_i686.whl", hash = "sha256:6ac7ffc7ad6d040517be39eb591cac5ff87416c2537df6ba3cba3bae290c0fed"},
    {file = "charset_normalizer-3.3.2-cp312-cp312-musllinux_1_1_aarch64.whl", hash = "sha256:7ed9e526742851e8d5cc9e6cf41427dfc6068d4f5a3bb03659444b4cabf6bc26"},
    {file = "charset_normalizer-3.3.2-cp312-cp312-musllinux_1_1_i686.whl", hash = "sha256:8bdb58ff7ba23002a4c5808d608e4e6c687175724f54a5dade5fa8c67b604e4d"},
    {file = "charset_normalizer-3.3.2-cp312-cp312-musllinux_1_1_ppc64le.whl", hash = "sha256:6b3251890fff30ee142c44144871185dbe13b11bab478a88887a639655be1068"},
    {file = "charset_normalizer-3.3.2-cp312-cp312-musllinux_1_1_s390x.whl", hash = "sha256:b4a23f61ce87adf89be746c8a8974fe1c823c891d8f86eb218bb957c924bb143"},
    {file = "charset_normalizer-3.3.2-cp312-cp312-musllinux_1_1_x86_64.whl", hash = "sha256:efcb3f6676480691518c177e3b465bcddf57cea040302f9f4e6e191af91174d4"},
    {file = "charset_normalizer-3.3.2-cp312-cp312-win32.whl", hash = "sha256:d965bba47ddeec8cd560687584e88cf699fd28f192ceb452d1d7ee807c5597b7"},
    {file = "charset_normalizer-3.3.2-cp312-cp312-win_amd64.whl", hash = "sha256:96b02a3dc4381e5494fad39be677abcb5e6634bf7b4fa83a6dd3112607547001"},
    {file = "charset_normalizer-3.3.2-py3-none-any.whl", hash = "sha256:3e4d1f6587322d2788836a99c69062fbb091331ec940e02d12d179c1d53e25fc"},
]

[[package]]
name = "click"
version = "8.1.7"
requires_python = ">=3.7"
summary = "Composable command line interface toolkit"
dependencies = [
    "colorama; platform_system == \"Windows\"",
]
files = [
    {file = "click-8.1.7-py3-none-any.whl", hash = "sha256:ae74fb96c20a0277a1d615f1e4d73c8414f5a98db8b799a7931d1582f3390c28"},
    {file = "click-8.1.7.tar.gz", hash = "sha256:ca9853ad459e787e2192211578cc907e7594e294c7ccc834310722b41b9ca6de"},
]

[[package]]
name = "cloudpathlib"
version = "0.16.0"
requires_python = ">=3.7"
summary = "pathlib-style classes for cloud storage services."
files = [
    {file = "cloudpathlib-0.16.0-py3-none-any.whl", hash = "sha256:f46267556bf91f03db52b5df7a152548596a15aabca1c8731ef32b0b25a1a6a3"},
    {file = "cloudpathlib-0.16.0.tar.gz", hash = "sha256:cdfcd35d46d529587d744154a0bdf962aca953b725c8784cd2ec478354ea63a3"},
]

[[package]]
name = "colorama"
version = "0.4.6"
requires_python = "!=3.0.*,!=3.1.*,!=3.2.*,!=3.3.*,!=3.4.*,!=3.5.*,!=3.6.*,>=2.7"
summary = "Cross-platform colored terminal text."
files = [
    {file = "colorama-0.4.6-py2.py3-none-any.whl", hash = "sha256:4f1d9991f5acc0ca119f9d443620b77f9d6b33703e51011c16baf57afb285fc6"},
    {file = "colorama-0.4.6.tar.gz", hash = "sha256:08695f5cb7ed6e0531a20572697297273c47b8cae5a63ffc6d6ed5c201be6e44"},
]

[[package]]
name = "confection"
version = "0.1.4"
requires_python = ">=3.6"
summary = "The sweetest config system for Python"
dependencies = [
    "pydantic!=1.8,!=1.8.1,<3.0.0,>=1.7.4",
    "srsly<3.0.0,>=2.4.0",
]
files = [
    {file = "confection-0.1.4-py3-none-any.whl", hash = "sha256:a658818d004939069c3e2b3db74a2cb9d956a5e61a1c9ad61788e0ee09a7090f"},
    {file = "confection-0.1.4.tar.gz", hash = "sha256:e80f22fd008b5231a2e8852fac6de9e28f2276a04031d0536cff74fe4a990c8f"},
]

[[package]]
name = "cymem"
version = "2.0.8"
summary = "Manage calls to calloc/free through Cython"
files = [
    {file = "cymem-2.0.8-cp311-cp311-macosx_10_9_x86_64.whl", hash = "sha256:6b84b780d52cb2db53d4494fe0083c4c5ee1f7b5380ceaea5b824569009ee5bd"},
    {file = "cymem-2.0.8-cp311-cp311-macosx_11_0_arm64.whl", hash = "sha256:0d5f83dc3cb5a39f0e32653cceb7c8ce0183d82f1162ca418356f4a8ed9e203e"},
    {file = "cymem-2.0.8-cp311-cp311-manylinux_2_17_aarch64.manylinux2014_aarch64.whl", hash = "sha256:4ac218cf8a43a761dc6b2f14ae8d183aca2bbb85b60fe316fd6613693b2a7914"},
    {file = "cymem-2.0.8-cp311-cp311-manylinux_2_17_x86_64.manylinux2014_x86_64.whl", hash = "sha256:42c993589d1811ec665d37437d5677b8757f53afadd927bf8516ac8ce2d3a50c"},
    {file = "cymem-2.0.8-cp311-cp311-win_amd64.whl", hash = "sha256:ab3cf20e0eabee9b6025ceb0245dadd534a96710d43fb7a91a35e0b9e672ee44"},
    {file = "cymem-2.0.8-cp312-cp312-macosx_10_9_x86_64.whl", hash = "sha256:cb51fddf1b920abb1f2742d1d385469bc7b4b8083e1cfa60255e19bc0900ccb5"},
    {file = "cymem-2.0.8-cp312-cp312-macosx_11_0_arm64.whl", hash = "sha256:9235957f8c6bc2574a6a506a1687164ad629d0b4451ded89d49ebfc61b52660c"},
    {file = "cymem-2.0.8-cp312-cp312-manylinux_2_17_aarch64.manylinux2014_aarch64.whl", hash = "sha256:a2cc38930ff5409f8d61f69a01e39ecb185c175785a1c9bec13bcd3ac8a614ba"},
    {file = "cymem-2.0.8-cp312-cp312-manylinux_2_17_x86_64.manylinux2014_x86_64.whl", hash = "sha256:7bf49e3ea2c441f7b7848d5c61b50803e8cbd49541a70bb41ad22fce76d87603"},
    {file = "cymem-2.0.8-cp312-cp312-win_amd64.whl", hash = "sha256:ecd12e3bacf3eed5486e4cd8ede3c12da66ee0e0a9d0ae046962bc2bb503acef"},
    {file = "cymem-2.0.8.tar.gz", hash = "sha256:8fb09d222e21dcf1c7e907dc85cf74501d4cea6c4ed4ac6c9e016f98fb59cbbf"},
]

[[package]]
name = "idna"
version = "3.6"
requires_python = ">=3.5"
summary = "Internationalized Domain Names in Applications (IDNA)"
files = [
    {file = "idna-3.6-py3-none-any.whl", hash = "sha256:c05567e9c24a6b9faaa835c4821bad0590fbb9d5779e7caa6e1cc4978e7eb24f"},
    {file = "idna-3.6.tar.gz", hash = "sha256:9ecdbbd083b06798ae1e86adcbfe8ab1479cf864e4ee30fe4e46a003d12491ca"},
]

[[package]]
name = "jinja2"
version = "3.1.2"
requires_python = ">=3.7"
summary = "A very fast and expressive template engine."
dependencies = [
    "MarkupSafe>=2.0",
]
files = [
    {file = "Jinja2-3.1.2-py3-none-any.whl", hash = "sha256:6088930bfe239f0e6710546ab9c19c9ef35e29792895fed6e6e31a023a182a61"},
    {file = "Jinja2-3.1.2.tar.gz", hash = "sha256:31351a702a408a9e7595a8fc6150fc3f43bb6bf7e319770cbc0db9df9437e852"},
]

[[package]]
name = "kafka-python"
version = "2.0.2"
summary = "Pure Python client for Apache Kafka"
files = [
    {file = "kafka-python-2.0.2.tar.gz", hash = "sha256:04dfe7fea2b63726cd6f3e79a2d86e709d608d74406638c5da33a01d45a9d7e3"},
    {file = "kafka_python-2.0.2-py2.py3-none-any.whl", hash = "sha256:2d92418c7cb1c298fa6c7f0fb3519b520d0d7526ac6cb7ae2a4fc65a51a94b6e"},
]

[[package]]
name = "langcodes"
version = "3.3.0"
requires_python = ">=3.6"
summary = "Tools for labeling human languages with IETF language tags"
files = [
    {file = "langcodes-3.3.0-py3-none-any.whl", hash = "sha256:4d89fc9acb6e9c8fdef70bcdf376113a3db09b67285d9e1d534de6d8818e7e69"},
    {file = "langcodes-3.3.0.tar.gz", hash = "sha256:794d07d5a28781231ac335a1561b8442f8648ca07cd518310aeb45d6f0807ef6"},
]

[[package]]
name = "markupsafe"
version = "2.1.3"
requires_python = ">=3.7"
summary = "Safely add untrusted strings to HTML/XML markup."
files = [
    {file = "MarkupSafe-2.1.3-cp311-cp311-macosx_10_9_universal2.whl", hash = "sha256:ad9e82fb8f09ade1c3e1b996a6337afac2b8b9e365f926f5a61aacc71adc5b3c"},
    {file = "MarkupSafe-2.1.3-cp311-cp311-macosx_10_9_x86_64.whl", hash = "sha256:3c0fae6c3be832a0a0473ac912810b2877c8cb9d76ca48de1ed31e1c68386575"},
    {file = "MarkupSafe-2.1.3-cp311-cp311-manylinux_2_17_aarch64.manylinux2014_aarch64.whl", hash = "sha256:b076b6226fb84157e3f7c971a47ff3a679d837cf338547532ab866c57930dbee"},
    {file = "MarkupSafe-2.1.3-cp311-cp311-manylinux_2_17_x86_64.manylinux2014_x86_64.whl", hash = "sha256:bfce63a9e7834b12b87c64d6b155fdd9b3b96191b6bd334bf37db7ff1fe457f2"},
    {file = "MarkupSafe-2.1.3-cp311-cp311-manylinux_2_5_i686.manylinux1_i686.manylinux_2_17_i686.manylinux2014_i686.whl", hash = "sha256:338ae27d6b8745585f87218a3f23f1512dbf52c26c28e322dbe54bcede54ccb9"},
    {file = "MarkupSafe-2.1.3-cp311-cp311-musllinux_1_1_aarch64.whl", hash = "sha256:e4dd52d80b8c83fdce44e12478ad2e85c64ea965e75d66dbeafb0a3e77308fcc"},
    {file = "MarkupSafe-2.1.3-cp311-cp311-musllinux_1_1_i686.whl", hash = "sha256:df0be2b576a7abbf737b1575f048c23fb1d769f267ec4358296f31c2479db8f9"},
    {file = "MarkupSafe-2.1.3-cp311-cp311-musllinux_1_1_x86_64.whl", hash = "sha256:5bbe06f8eeafd38e5d0a4894ffec89378b6c6a625ff57e3028921f8ff59318ac"},
    {file = "MarkupSafe-2.1.3-cp311-cp311-win32.whl", hash = "sha256:dd15ff04ffd7e05ffcb7fe79f1b98041b8ea30ae9234aed2a9168b5797c3effb"},
    {file = "MarkupSafe-2.1.3-cp311-cp311-win_amd64.whl", hash = "sha256:134da1eca9ec0ae528110ccc9e48041e0828d79f24121a1a146161103c76e686"},
    {file = "MarkupSafe-2.1.3-cp312-cp312-macosx_10_9_universal2.whl", hash = "sha256:f698de3fd0c4e6972b92290a45bd9b1536bffe8c6759c62471efaa8acb4c37bc"},
    {file = "MarkupSafe-2.1.3-cp312-cp312-macosx_10_9_x86_64.whl", hash = "sha256:aa57bd9cf8ae831a362185ee444e15a93ecb2e344c8e52e4d721ea3ab6ef1823"},
    {file = "MarkupSafe-2.1.3-cp312-cp312-manylinux_2_17_aarch64.manylinux2014_aarch64.whl", hash = "sha256:ffcc3f7c66b5f5b7931a5aa68fc9cecc51e685ef90282f4a82f0f5e9b704ad11"},
    {file = "MarkupSafe-2.1.3-cp312-cp312-manylinux_2_17_x86_64.manylinux2014_x86_64.whl", hash = "sha256:47d4f1c5f80fc62fdd7777d0d40a2e9dda0a05883ab11374334f6c4de38adffd"},
    {file = "MarkupSafe-2.1.3-cp312-cp312-manylinux_2_5_i686.manylinux1_i686.manylinux_2_17_i686.manylinux2014_i686.whl", hash = "sha256:1f67c7038d560d92149c060157d623c542173016c4babc0c1913cca0564b9939"},
    {file = "MarkupSafe-2.1.3-cp312-cp312-musllinux_1_1_aarch64.whl", hash = "sha256:9aad3c1755095ce347e26488214ef77e0485a3c34a50c5a5e2471dff60b9dd9c"},
    {file = "MarkupSafe-2.1.3-cp312-cp312-musllinux_1_1_i686.whl", hash = "sha256:14ff806850827afd6b07a5f32bd917fb7f45b046ba40c57abdb636674a8b559c"},
    {file = "MarkupSafe-2.1.3-cp312-cp312-musllinux_1_1_x86_64.whl", hash = "sha256:8f9293864fe09b8149f0cc42ce56e3f0e54de883a9de90cd427f191c346eb2e1"},
    {file = "MarkupSafe-2.1.3-cp312-cp312-win32.whl", hash = "sha256:715d3562f79d540f251b99ebd6d8baa547118974341db04f5ad06d5ea3eb8007"},
    {file = "MarkupSafe-2.1.3-cp312-cp312-win_amd64.whl", hash = "sha256:1b8dd8c3fd14349433c79fa8abeb573a55fc0fdd769133baac1f5e07abf54aeb"},
    {file = "MarkupSafe-2.1.3.tar.gz", hash = "sha256:af598ed32d6ae86f1b747b82783958b1a4ab8f617b06fe68795c7f026abbdcad"},
]

[[package]]
name = "murmurhash"
version = "1.0.10"
requires_python = ">=3.6"
summary = "Cython bindings for MurmurHash"
files = [
    {file = "murmurhash-1.0.10-cp311-cp311-macosx_10_9_x86_64.whl", hash = "sha256:90ed37ee2cace9381b83d56068334f77e3e30bc521169a1f886a2a2800e965d6"},
    {file = "murmurhash-1.0.10-cp311-cp311-macosx_11_0_arm64.whl", hash = "sha256:22e9926fdbec9d24ced9b0a42f0fee68c730438be3cfb00c2499fd495caec226"},
    {file = "murmurhash-1.0.10-cp311-cp311-manylinux_2_17_aarch64.manylinux2014_aarch64.whl", hash = "sha256:54bfbfd68baa99717239b8844600db627f336a08b1caf4df89762999f681cdd1"},
    {file = "murmurhash-1.0.10-cp311-cp311-manylinux_2_5_x86_64.manylinux1_x86_64.manylinux_2_17_x86_64.manylinux2014_x86_64.whl", hash = "sha256:18b9d200a09d48ef67f6840b77c14f151f2b6c48fd69661eb75c7276ebdb146c"},
    {file = "murmurhash-1.0.10-cp311-cp311-win_amd64.whl", hash = "sha256:e5d7cfe392c0a28129226271008e61e77bf307afc24abf34f386771daa7b28b0"},
    {file = "murmurhash-1.0.10-cp312-cp312-macosx_10_9_x86_64.whl", hash = "sha256:96f0a070344d4802ea76a160e0d4c88b7dc10454d2426f48814482ba60b38b9e"},
    {file = "murmurhash-1.0.10-cp312-cp312-macosx_11_0_arm64.whl", hash = "sha256:9f61862060d677c84556610ac0300a0776cb13cb3155f5075ed97e80f86e55d9"},
    {file = "murmurhash-1.0.10-cp312-cp312-manylinux_2_17_aarch64.manylinux2014_aarch64.whl", hash = "sha256:b3b6d2d877d8881a08be66d906856d05944be0faf22b9a0390338bcf45299989"},
    {file = "murmurhash-1.0.10-cp312-cp312-manylinux_2_5_x86_64.manylinux1_x86_64.manylinux_2_17_x86_64.manylinux2014_x86_64.whl", hash = "sha256:d8f54b0031d8696fed17ed6e9628f339cdea0ba2367ca051e18ff59193f52687"},
    {file = "murmurhash-1.0.10-cp312-cp312-win_amd64.whl", hash = "sha256:97e09d675de2359e586f09de1d0de1ab39f9911edffc65c9255fb5e04f7c1f85"},
    {file = "murmurhash-1.0.10.tar.gz", hash = "sha256:5282aab1317804c6ebd6dd7f69f15ba9075aee671c44a34be2bde0f1b11ef88a"},
]

[[package]]
name = "numpy"
version = "1.26.2"
requires_python = ">=3.9"
summary = "Fundamental package for array computing in Python"
files = [
    {file = "numpy-1.26.2-cp311-cp311-macosx_10_9_x86_64.whl", hash = "sha256:b96e7b9c624ef3ae2ae0e04fa9b460f6b9f17ad8b4bec6d7756510f1f6c0c841"},
    {file = "numpy-1.26.2-cp311-cp311-macosx_11_0_arm64.whl", hash = "sha256:aa18428111fb9a591d7a9cc1b48150097ba6a7e8299fb56bdf574df650e7d1f1"},
    {file = "numpy-1.26.2-cp311-cp311-manylinux_2_17_aarch64.manylinux2014_aarch64.whl", hash = "sha256:06fa1ed84aa60ea6ef9f91ba57b5ed963c3729534e6e54055fc151fad0423f0a"},
    {file = "numpy-1.26.2-cp311-cp311-manylinux_2_17_x86_64.manylinux2014_x86_64.whl", hash = "sha256:96ca5482c3dbdd051bcd1fce8034603d6ebfc125a7bd59f55b40d8f5d246832b"},
    {file = "numpy-1.26.2-cp311-cp311-musllinux_1_1_aarch64.whl", hash = "sha256:854ab91a2906ef29dc3925a064fcd365c7b4da743f84b123002f6139bcb3f8a7"},
    {file = "numpy-1.26.2-cp311-cp311-musllinux_1_1_x86_64.whl", hash = "sha256:f43740ab089277d403aa07567be138fc2a89d4d9892d113b76153e0e412409f8"},
    {file = "numpy-1.26.2-cp311-cp311-win32.whl", hash = "sha256:a2bbc29fcb1771cd7b7425f98b05307776a6baf43035d3b80c4b0f29e9545186"},
    {file = "numpy-1.26.2-cp311-cp311-win_amd64.whl", hash = "sha256:2b3fca8a5b00184828d12b073af4d0fc5fdd94b1632c2477526f6bd7842d700d"},
    {file = "numpy-1.26.2-cp312-cp312-macosx_10_9_x86_64.whl", hash = "sha256:a4cd6ed4a339c21f1d1b0fdf13426cb3b284555c27ac2f156dfdaaa7e16bfab0"},
    {file = "numpy-1.26.2-cp312-cp312-macosx_11_0_arm64.whl", hash = "sha256:5d5244aabd6ed7f312268b9247be47343a654ebea52a60f002dc70c769048e75"},
    {file = "numpy-1.26.2-cp312-cp312-manylinux_2_17_aarch64.manylinux2014_aarch64.whl", hash = "sha256:6a3cdb4d9c70e6b8c0814239ead47da00934666f668426fc6e94cce869e13fd7"},
    {file = "numpy-1.26.2-cp312-cp312-manylinux_2_17_x86_64.manylinux2014_x86_64.whl", hash = "sha256:aa317b2325f7aa0a9471663e6093c210cb2ae9c0ad824732b307d2c51983d5b6"},
    {file = "numpy-1.26.2-cp312-cp312-musllinux_1_1_aarch64.whl", hash = "sha256:174a8880739c16c925799c018f3f55b8130c1f7c8e75ab0a6fa9d41cab092fd6"},
    {file = "numpy-1.26.2-cp312-cp312-musllinux_1_1_x86_64.whl", hash = "sha256:f79b231bf5c16b1f39c7f4875e1ded36abee1591e98742b05d8a0fb55d8a3eec"},
    {file = "numpy-1.26.2-cp312-cp312-win32.whl", hash = "sha256:4a06263321dfd3598cacb252f51e521a8cb4b6df471bb12a7ee5cbab20ea9167"},
    {file = "numpy-1.26.2-cp312-cp312-win_amd64.whl", hash = "sha256:b04f5dc6b3efdaab541f7857351aac359e6ae3c126e2edb376929bd3b7f92d7e"},
    {file = "numpy-1.26.2-pp39-pypy39_pp73-macosx_10_9_x86_64.whl", hash = "sha256:1cc3d5029a30fb5f06704ad6b23b35e11309491c999838c31f124fee32107c79"},
    {file = "numpy-1.26.2-pp39-pypy39_pp73-manylinux_2_17_x86_64.manylinux2014_x86_64.whl", hash = "sha256:94cc3c222bb9fb5a12e334d0479b97bb2df446fbe622b470928f5284ffca3f8d"},
    {file = "numpy-1.26.2-pp39-pypy39_pp73-win_amd64.whl", hash = "sha256:fe6b44fb8fcdf7eda4ef4461b97b3f63c466b27ab151bec2366db8b197387841"},
    {file = "numpy-1.26.2.tar.gz", hash = "sha256:f65738447676ab5777f11e6bbbdb8ce11b785e105f690bc45966574816b6d3ea"},
]

[[package]]
name = "packaging"
version = "23.2"
requires_python = ">=3.7"
summary = "Core utilities for Python packages"
files = [
    {file = "packaging-23.2-py3-none-any.whl", hash = "sha256:8c491190033a9af7e1d931d0b5dacc2ef47509b34dd0de67ed209b5203fc88c7"},
    {file = "packaging-23.2.tar.gz", hash = "sha256:048fb0e9405036518eaaf48a55953c750c11e1a1b68e0dd1a9d62ed0c092cfc5"},
]

[[package]]
name = "preshed"
version = "3.0.9"
requires_python = ">=3.6"
summary = "Cython hash table that trusts the keys are pre-hashed"
dependencies = [
    "cymem<2.1.0,>=2.0.2",
    "murmurhash<1.1.0,>=0.28.0",
]
files = [
    {file = "preshed-3.0.9-cp311-cp311-macosx_10_9_x86_64.whl", hash = "sha256:e7c2364da27f2875524ce1ca754dc071515a9ad26eb5def4c7e69129a13c9a59"},
    {file = "preshed-3.0.9-cp311-cp311-macosx_11_0_arm64.whl", hash = "sha256:182138033c0730c683a6d97e567ceb8a3e83f3bff5704f300d582238dbd384b3"},
    {file = "preshed-3.0.9-cp311-cp311-manylinux_2_17_aarch64.manylinux2014_aarch64.whl", hash = "sha256:345a10be3b86bcc6c0591d343a6dc2bfd86aa6838c30ced4256dfcfa836c3a64"},
    {file = "preshed-3.0.9-cp311-cp311-manylinux_2_5_x86_64.manylinux1_x86_64.manylinux_2_17_x86_64.manylinux2014_x86_64.whl", hash = "sha256:51d0192274aa061699b284f9fd08416065348edbafd64840c3889617ee1609de"},
    {file = "preshed-3.0.9-cp311-cp311-win_amd64.whl", hash = "sha256:96b857d7a62cbccc3845ac8c41fd23addf052821be4eb987f2eb0da3d8745aa1"},
    {file = "preshed-3.0.9-cp312-cp312-macosx_10_9_x86_64.whl", hash = "sha256:b4fe6720012c62e6d550d6a5c1c7ad88cacef8388d186dad4bafea4140d9d198"},
    {file = "preshed-3.0.9-cp312-cp312-macosx_11_0_arm64.whl", hash = "sha256:e04f05758875be9751e483bd3c519c22b00d3b07f5a64441ec328bb9e3c03700"},
    {file = "preshed-3.0.9-cp312-cp312-manylinux_2_17_aarch64.manylinux2014_aarch64.whl", hash = "sha256:4a55091d0e395f1fdb62ab43401bb9f8b46c7d7794d5b071813c29dc1ab22fd0"},
    {file = "preshed-3.0.9-cp312-cp312-manylinux_2_5_x86_64.manylinux1_x86_64.manylinux_2_17_x86_64.manylinux2014_x86_64.whl", hash = "sha256:7de8f5138bcac7870424e09684dc3dd33c8e30e81b269f6c9ede3d8c7bb8e257"},
    {file = "preshed-3.0.9-cp312-cp312-win_amd64.whl", hash = "sha256:24229c77364628743bc29c5620c5d6607ed104f0e02ae31f8a030f99a78a5ceb"},
    {file = "preshed-3.0.9.tar.gz", hash = "sha256:721863c5244ffcd2651ad0928951a2c7c77b102f4e11a251ad85d37ee7621660"},
]

[[package]]
name = "py4j"
version = "0.10.9.7"
summary = "Enables Python programs to dynamically access arbitrary Java objects"
files = [
    {file = "py4j-0.10.9.7-py2.py3-none-any.whl", hash = "sha256:85defdfd2b2376eb3abf5ca6474b51ab7e0de341c75a02f46dc9b5976f5a5c1b"},
    {file = "py4j-0.10.9.7.tar.gz", hash = "sha256:0b6e5315bb3ada5cf62ac651d107bb2ebc02def3dee9d9548e3baac644ea8dbb"},
]

[[package]]
name = "pydantic"
version = "2.5.2"
requires_python = ">=3.7"
summary = "Data validation using Python type hints"
dependencies = [
    "annotated-types>=0.4.0",
    "pydantic-core==2.14.5",
    "typing-extensions>=4.6.1",
]
files = [
    {file = "pydantic-2.5.2-py3-none-any.whl", hash = "sha256:80c50fb8e3dcecfddae1adbcc00ec5822918490c99ab31f6cf6140ca1c1429f0"},
    {file = "pydantic-2.5.2.tar.gz", hash = "sha256:ff177ba64c6faf73d7afa2e8cad38fd456c0dbe01c9954e71038001cd15a6edd"},
]

[[package]]
name = "pydantic-core"
version = "2.14.5"
requires_python = ">=3.7"
summary = ""
dependencies = [
    "typing-extensions!=4.7.0,>=4.6.0",
]
files = [
    {file = "pydantic_core-2.14.5-cp311-cp311-macosx_10_7_x86_64.whl", hash = "sha256:4e40f2bd0d57dac3feb3a3aed50f17d83436c9e6b09b16af271b6230a2915459"},
    {file = "pydantic_core-2.14.5-cp311-cp311-macosx_11_0_arm64.whl", hash = "sha256:ab1cdb0f14dc161ebc268c09db04d2c9e6f70027f3b42446fa11c153521c0e88"},
    {file = "pydantic_core-2.14.5-cp311-cp311-manylinux_2_17_aarch64.manylinux2014_aarch64.whl", hash = "sha256:aae7ea3a1c5bb40c93cad361b3e869b180ac174656120c42b9fadebf685d121b"},
    {file = "pydantic_core-2.14.5-cp311-cp311-manylinux_2_17_armv7l.manylinux2014_armv7l.whl", hash = "sha256:60b7607753ba62cf0739177913b858140f11b8af72f22860c28eabb2f0a61937"},
    {file = "pydantic_core-2.14.5-cp311-cp311-manylinux_2_17_ppc64le.manylinux2014_ppc64le.whl", hash = "sha256:2248485b0322c75aee7565d95ad0e16f1c67403a470d02f94da7344184be770f"},
    {file = "pydantic_core-2.14.5-cp311-cp311-manylinux_2_17_s390x.manylinux2014_s390x.whl", hash = "sha256:823fcc638f67035137a5cd3f1584a4542d35a951c3cc68c6ead1df7dac825c26"},
    {file = "pydantic_core-2.14.5-cp311-cp311-manylinux_2_17_x86_64.manylinux2014_x86_64.whl", hash = "sha256:96581cfefa9123accc465a5fd0cc833ac4d75d55cc30b633b402e00e7ced00a6"},
    {file = "pydantic_core-2.14.5-cp311-cp311-manylinux_2_5_i686.manylinux1_i686.whl", hash = "sha256:a33324437018bf6ba1bb0f921788788641439e0ed654b233285b9c69704c27b4"},
    {file = "pydantic_core-2.14.5-cp311-cp311-musllinux_1_1_aarch64.whl", hash = "sha256:9bd18fee0923ca10f9a3ff67d4851c9d3e22b7bc63d1eddc12f439f436f2aada"},
    {file = "pydantic_core-2.14.5-cp311-cp311-musllinux_1_1_x86_64.whl", hash = "sha256:853a2295c00f1d4429db4c0fb9475958543ee80cfd310814b5c0ef502de24dda"},
    {file = "pydantic_core-2.14.5-cp311-none-win32.whl", hash = "sha256:cb774298da62aea5c80a89bd58c40205ab4c2abf4834453b5de207d59d2e1651"},
    {file = "pydantic_core-2.14.5-cp311-none-win_amd64.whl", hash = "sha256:e87fc540c6cac7f29ede02e0f989d4233f88ad439c5cdee56f693cc9c1c78077"},
    {file = "pydantic_core-2.14.5-cp311-none-win_arm64.whl", hash = "sha256:57d52fa717ff445cb0a5ab5237db502e6be50809b43a596fb569630c665abddf"},
    {file = "pydantic_core-2.14.5-cp312-cp312-macosx_10_7_x86_64.whl", hash = "sha256:e60f112ac88db9261ad3a52032ea46388378034f3279c643499edb982536a093"},
    {file = "pydantic_core-2.14.5-cp312-cp312-macosx_11_0_arm64.whl", hash = "sha256:6e227c40c02fd873c2a73a98c1280c10315cbebe26734c196ef4514776120aeb"},
    {file = "pydantic_core-2.14.5-cp312-cp312-manylinux_2_17_aarch64.manylinux2014_aarch64.whl", hash = "sha256:f0cbc7fff06a90bbd875cc201f94ef0ee3929dfbd5c55a06674b60857b8b85ed"},
    {file = "pydantic_core-2.14.5-cp312-cp312-manylinux_2_17_armv7l.manylinux2014_armv7l.whl", hash = "sha256:103ef8d5b58596a731b690112819501ba1db7a36f4ee99f7892c40da02c3e189"},
    {file = "pydantic_core-2.14.5-cp312-cp312-manylinux_2_17_ppc64le.manylinux2014_ppc64le.whl", hash = "sha256:c949f04ecad823f81b1ba94e7d189d9dfb81edbb94ed3f8acfce41e682e48cef"},
    {file = "pydantic_core-2.14.5-cp312-cp312-manylinux_2_17_s390x.manylinux2014_s390x.whl", hash = "sha256:c1452a1acdf914d194159439eb21e56b89aa903f2e1c65c60b9d874f9b950e5d"},
    {file = "pydantic_core-2.14.5-cp312-cp312-manylinux_2_17_x86_64.manylinux2014_x86_64.whl", hash = "sha256:cb4679d4c2b089e5ef89756bc73e1926745e995d76e11925e3e96a76d5fa51fc"},
    {file = "pydantic_core-2.14.5-cp312-cp312-manylinux_2_5_i686.manylinux1_i686.whl", hash = "sha256:cf9d3fe53b1ee360e2421be95e62ca9b3296bf3f2fb2d3b83ca49ad3f925835e"},
    {file = "pydantic_core-2.14.5-cp312-cp312-musllinux_1_1_aarch64.whl", hash = "sha256:70f4b4851dbb500129681d04cc955be2a90b2248d69273a787dda120d5cf1f69"},
    {file = "pydantic_core-2.14.5-cp312-cp312-musllinux_1_1_x86_64.whl", hash = "sha256:59986de5710ad9613ff61dd9b02bdd2f615f1a7052304b79cc8fa2eb4e336d2d"},
    {file = "pydantic_core-2.14.5-cp312-none-win32.whl", hash = "sha256:699156034181e2ce106c89ddb4b6504c30db8caa86e0c30de47b3e0654543260"},
    {file = "pydantic_core-2.14.5-cp312-none-win_amd64.whl", hash = "sha256:5baab5455c7a538ac7e8bf1feec4278a66436197592a9bed538160a2e7d11e36"},
    {file = "pydantic_core-2.14.5-cp312-none-win_arm64.whl", hash = "sha256:e47e9a08bcc04d20975b6434cc50bf82665fbc751bcce739d04a3120428f3e27"},
    {file = "pydantic_core-2.14.5-pp310-pypy310_pp73-macosx_10_7_x86_64.whl", hash = "sha256:79e0a2cdbdc7af3f4aee3210b1172ab53d7ddb6a2d8c24119b5706e622b346d0"},
    {file = "pydantic_core-2.14.5-pp310-pypy310_pp73-macosx_11_0_arm64.whl", hash = "sha256:678265f7b14e138d9a541ddabbe033012a2953315739f8cfa6d754cc8063e8ca"},
    {file = "pydantic_core-2.14.5-pp310-pypy310_pp73-manylinux_2_17_aarch64.manylinux2014_aarch64.whl", hash = "sha256:95b15e855ae44f0c6341ceb74df61b606e11f1087e87dcb7482377374aac6abe"},
    {file = "pydantic_core-2.14.5-pp310-pypy310_pp73-manylinux_2_17_x86_64.manylinux2014_x86_64.whl", hash = "sha256:09b0e985fbaf13e6b06a56d21694d12ebca6ce5414b9211edf6f17738d82b0f8"},
    {file = "pydantic_core-2.14.5-pp310-pypy310_pp73-manylinux_2_5_i686.manylinux1_i686.whl", hash = "sha256:3ad873900297bb36e4b6b3f7029d88ff9829ecdc15d5cf20161775ce12306f8a"},
    {file = "pydantic_core-2.14.5-pp310-pypy310_pp73-musllinux_1_1_aarch64.whl", hash = "sha256:2d0ae0d8670164e10accbeb31d5ad45adb71292032d0fdb9079912907f0085f4"},
    {file = "pydantic_core-2.14.5-pp310-pypy310_pp73-musllinux_1_1_x86_64.whl", hash = "sha256:d37f8ec982ead9ba0a22a996129594938138a1503237b87318392a48882d50b7"},
    {file = "pydantic_core-2.14.5-pp310-pypy310_pp73-win_amd64.whl", hash = "sha256:35613015f0ba7e14c29ac6c2483a657ec740e5ac5758d993fdd5870b07a61d8b"},
    {file = "pydantic_core-2.14.5-pp37-pypy37_pp73-macosx_10_7_x86_64.whl", hash = "sha256:ab4ea451082e684198636565224bbb179575efc1658c48281b2c866bfd4ddf04"},
    {file = "pydantic_core-2.14.5-pp37-pypy37_pp73-manylinux_2_17_aarch64.manylinux2014_aarch64.whl", hash = "sha256:4ce601907e99ea5b4adb807ded3570ea62186b17f88e271569144e8cca4409c7"},
    {file = "pydantic_core-2.14.5-pp37-pypy37_pp73-manylinux_2_17_x86_64.manylinux2014_x86_64.whl", hash = "sha256:fb2ed8b3fe4bf4506d6dab3b93b83bbc22237e230cba03866d561c3577517d18"},
    {file = "pydantic_core-2.14.5-pp37-pypy37_pp73-manylinux_2_5_i686.manylinux1_i686.whl", hash = "sha256:70f947628e074bb2526ba1b151cee10e4c3b9670af4dbb4d73bc8a89445916b5"},
    {file = "pydantic_core-2.14.5-pp37-pypy37_pp73-musllinux_1_1_aarch64.whl", hash = "sha256:4bc536201426451f06f044dfbf341c09f540b4ebdb9fd8d2c6164d733de5e634"},
    {file = "pydantic_core-2.14.5-pp37-pypy37_pp73-musllinux_1_1_x86_64.whl", hash = "sha256:f4791cf0f8c3104ac668797d8c514afb3431bc3305f5638add0ba1a5a37e0d88"},
    {file = "pydantic_core-2.14.5-pp38-pypy38_pp73-macosx_10_7_x86_64.whl", hash = "sha256:038c9f763e650712b899f983076ce783175397c848da04985658e7628cbe873b"},
    {file = "pydantic_core-2.14.5-pp38-pypy38_pp73-macosx_11_0_arm64.whl", hash = "sha256:27548e16c79702f1e03f5628589c6057c9ae17c95b4c449de3c66b589ead0520"},
    {file = "pydantic_core-2.14.5-pp38-pypy38_pp73-manylinux_2_17_aarch64.manylinux2014_aarch64.whl", hash = "sha256:c97bee68898f3f4344eb02fec316db93d9700fb1e6a5b760ffa20d71d9a46ce3"},
    {file = "pydantic_core-2.14.5-pp38-pypy38_pp73-manylinux_2_17_x86_64.manylinux2014_x86_64.whl", hash = "sha256:b9b759b77f5337b4ea024f03abc6464c9f35d9718de01cfe6bae9f2e139c397e"},
    {file = "pydantic_core-2.14.5-pp38-pypy38_pp73-manylinux_2_5_i686.manylinux1_i686.whl", hash = "sha256:439c9afe34638ace43a49bf72d201e0ffc1a800295bed8420c2a9ca8d5e3dbb3"},
    {file = "pydantic_core-2.14.5-pp38-pypy38_pp73-musllinux_1_1_aarch64.whl", hash = "sha256:ba39688799094c75ea8a16a6b544eb57b5b0f3328697084f3f2790892510d144"},
    {file = "pydantic_core-2.14.5-pp38-pypy38_pp73-musllinux_1_1_x86_64.whl", hash = "sha256:ccd4d5702bb90b84df13bd491be8d900b92016c5a455b7e14630ad7449eb03f8"},
    {file = "pydantic_core-2.14.5-pp38-pypy38_pp73-win_amd64.whl", hash = "sha256:81982d78a45d1e5396819bbb4ece1fadfe5f079335dd28c4ab3427cd95389944"},
    {file = "pydantic_core-2.14.5-pp39-pypy39_pp73-macosx_10_7_x86_64.whl", hash = "sha256:7f8210297b04e53bc3da35db08b7302a6a1f4889c79173af69b72ec9754796b8"},
    {file = "pydantic_core-2.14.5-pp39-pypy39_pp73-macosx_11_0_arm64.whl", hash = "sha256:8c8a8812fe6f43a3a5b054af6ac2d7b8605c7bcab2804a8a7d68b53f3cd86e00"},
    {file = "pydantic_core-2.14.5-pp39-pypy39_pp73-manylinux_2_17_aarch64.manylinux2014_aarch64.whl", hash = "sha256:206ed23aecd67c71daf5c02c3cd19c0501b01ef3cbf7782db9e4e051426b3d0d"},
    {file = "pydantic_core-2.14.5-pp39-pypy39_pp73-manylinux_2_17_x86_64.manylinux2014_x86_64.whl", hash = "sha256:c2027d05c8aebe61d898d4cffd774840a9cb82ed356ba47a90d99ad768f39789"},
    {file = "pydantic_core-2.14.5-pp39-pypy39_pp73-manylinux_2_5_i686.manylinux1_i686.whl", hash = "sha256:40180930807ce806aa71eda5a5a5447abb6b6a3c0b4b3b1b1962651906484d68"},
    {file = "pydantic_core-2.14.5-pp39-pypy39_pp73-musllinux_1_1_aarch64.whl", hash = "sha256:615a0a4bff11c45eb3c1996ceed5bdaa2f7b432425253a7c2eed33bb86d80abc"},
    {file = "pydantic_core-2.14.5-pp39-pypy39_pp73-musllinux_1_1_x86_64.whl", hash = "sha256:f5e412d717366e0677ef767eac93566582518fe8be923361a5c204c1a62eaafe"},
    {file = "pydantic_core-2.14.5-pp39-pypy39_pp73-win_amd64.whl", hash = "sha256:513b07e99c0a267b1d954243845d8a833758a6726a3b5d8948306e3fe14675e3"},
    {file = "pydantic_core-2.14.5.tar.gz", hash = "sha256:6d30226dfc816dd0fdf120cae611dd2215117e4f9b124af8c60ab9093b6e8e71"},
]

[[package]]
name = "pyspark"
version = "3.5.0"
requires_python = ">=3.8"
summary = "Apache Spark Python API"
dependencies = [
    "py4j==0.10.9.7",
]
files = [
    {file = "pyspark-3.5.0.tar.gz", hash = "sha256:d41a9b76bd2aca370a6100d075c029e22ba44c5940927877e9435a3a9c566558"},
]

[[package]]
name = "python-dotenv"
version = "1.0.0"
requires_python = ">=3.8"
summary = "Read key-value pairs from a .env file and set them as environment variables"
files = [
    {file = "python-dotenv-1.0.0.tar.gz", hash = "sha256:a8df96034aae6d2d50a4ebe8216326c61c3eb64836776504fcca410e5937a3ba"},
    {file = "python_dotenv-1.0.0-py3-none-any.whl", hash = "sha256:f5971a9226b701070a4bf2c38c89e5a3f0d64de8debda981d1db98583009122a"},
]

[[package]]
name = "requests"
version = "2.31.0"
requires_python = ">=3.7"
summary = "Python HTTP for Humans."
dependencies = [
    "certifi>=2017.4.17",
    "charset-normalizer<4,>=2",
    "idna<4,>=2.5",
    "urllib3<3,>=1.21.1",
]
files = [
    {file = "requests-2.31.0-py3-none-any.whl", hash = "sha256:58cd2187c01e70e6e26505bca751777aa9f2ee0b7f4300988b709f44e013003f"},
    {file = "requests-2.31.0.tar.gz", hash = "sha256:942c5a758f98d790eaed1a29cb6eefc7ffb0d1cf7af05c3d2791656dbd6ad1e1"},
]

[[package]]
name = "setuptools"
version = "69.0.2"
requires_python = ">=3.8"
summary = "Easily download, build, install, upgrade, and uninstall Python packages"
files = [
    {file = "setuptools-69.0.2-py3-none-any.whl", hash = "sha256:1e8fdff6797d3865f37397be788a4e3cba233608e9b509382a2777d25ebde7f2"},
    {file = "setuptools-69.0.2.tar.gz", hash = "sha256:735896e78a4742605974de002ac60562d286fa8051a7e2299445e8e8fbb01aa6"},
]

[[package]]
name = "smart-open"
version = "6.4.0"
requires_python = ">=3.6,<4.0"
summary = "Utils for streaming large files (S3, HDFS, GCS, Azure Blob Storage, gzip, bz2...)"
files = [
    {file = "smart_open-6.4.0-py3-none-any.whl", hash = "sha256:8d3ef7e6997e8e42dd55c74166ed21e6ac70664caa32dd940b26d54a8f6b4142"},
    {file = "smart_open-6.4.0.tar.gz", hash = "sha256:be3c92c246fbe80ebce8fbacb180494a481a77fcdcb7c1aadb2ea5b9c2bee8b9"},
]

[[package]]
name = "spacy"
version = "3.7.2"
requires_python = ">=3.7"
summary = "Industrial-strength Natural Language Processing (NLP) in Python"
dependencies = [
    "catalogue<2.1.0,>=2.0.6",
    "cymem<2.1.0,>=2.0.2",
    "jinja2",
    "langcodes<4.0.0,>=3.2.0",
    "murmurhash<1.1.0,>=0.28.0",
    "numpy>=1.19.0; python_version >= \"3.9\"",
    "packaging>=20.0",
    "preshed<3.1.0,>=3.0.2",
    "pydantic!=1.8,!=1.8.1,<3.0.0,>=1.7.4",
    "requests<3.0.0,>=2.13.0",
    "setuptools",
    "smart-open<7.0.0,>=5.2.1",
    "spacy-legacy<3.1.0,>=3.0.11",
    "spacy-loggers<2.0.0,>=1.0.0",
    "srsly<3.0.0,>=2.4.3",
    "thinc<8.3.0,>=8.1.8",
    "tqdm<5.0.0,>=4.38.0",
    "typer<0.10.0,>=0.3.0",
    "wasabi<1.2.0,>=0.9.1",
    "weasel<0.4.0,>=0.1.0",
]
files = [
    {file = "spacy-3.7.2-cp311-cp311-macosx_10_9_x86_64.whl", hash = "sha256:5af30aea578e7414fb0eb4dbad0ff0fa0a7d8e833c3e733eceb2617534714c7d"},
    {file = "spacy-3.7.2-cp311-cp311-macosx_11_0_arm64.whl", hash = "sha256:7293de33b1e9ede151555070ad0fee3bac98aefcaac9e615eeeb4296846bd479"},
    {file = "spacy-3.7.2-cp311-cp311-manylinux_2_17_aarch64.manylinux2014_aarch64.whl", hash = "sha256:26940681cf20c8831c558e2c3d345ff20b5bc3c5e6d41c66172d0c5136042f0b"},
    {file = "spacy-3.7.2-cp311-cp311-manylinux_2_17_x86_64.manylinux2014_x86_64.whl", hash = "sha256:9a334667625153f7aaf188c20af7e82c886e41a88483a056accba5a7d51095c6"},
    {file = "spacy-3.7.2-cp311-cp311-win_amd64.whl", hash = "sha256:43e6147d3583b62a2d3af0cd913ac025068196d587345751e198391ff0b8c1e9"},
    {file = "spacy-3.7.2-cp312-cp312-macosx_10_9_x86_64.whl", hash = "sha256:2558df8c11905a0f77a2a3639a12ef8a522d171bcd88eaec039bedf6c60d7e01"},
    {file = "spacy-3.7.2-cp312-cp312-macosx_11_0_arm64.whl", hash = "sha256:df1b9c4bbadc89bad10dba226d52c113e231ea6ad35c8a916ab138b31f69fa24"},
    {file = "spacy-3.7.2-cp312-cp312-manylinux_2_17_aarch64.manylinux2014_aarch64.whl", hash = "sha256:bbbe055d2170ac7505a9f580bbdcd2146d0701bdbd6cea2333e18b0db655b97a"},
    {file = "spacy-3.7.2-cp312-cp312-manylinux_2_17_x86_64.manylinux2014_x86_64.whl", hash = "sha256:d35129b16ae2ca4212bf22a5c88b67b1e019e434fc48b69d3b95f80bc9e14e42"},
    {file = "spacy-3.7.2-cp312-cp312-win_amd64.whl", hash = "sha256:a7419682aba99624cc4df7df66764b6ec62ff415f32c3682c1af2a37bd11a913"},
    {file = "spacy-3.7.2.tar.gz", hash = "sha256:cedf4927bf0d3fec773a6ce48d5d2c91bdb02fed3c7d5ec07bdb873f1126f1a0"},
]

[[package]]
name = "spacy-legacy"
version = "3.0.12"
requires_python = ">=3.6"
summary = "Legacy registered functions for spaCy backwards compatibility"
files = [
    {file = "spacy-legacy-3.0.12.tar.gz", hash = "sha256:b37d6e0c9b6e1d7ca1cf5bc7152ab64a4c4671f59c85adaf7a3fcb870357a774"},
    {file = "spacy_legacy-3.0.12-py2.py3-none-any.whl", hash = "sha256:476e3bd0d05f8c339ed60f40986c07387c0a71479245d6d0f4298dbd52cda55f"},
]

[[package]]
name = "spacy-loggers"
version = "1.0.5"
requires_python = ">=3.6"
summary = "Logging utilities for SpaCy"
files = [
    {file = "spacy-loggers-1.0.5.tar.gz", hash = "sha256:d60b0bdbf915a60e516cc2e653baeff946f0cfc461b452d11a4d5458c6fe5f24"},
    {file = "spacy_loggers-1.0.5-py3-none-any.whl", hash = "sha256:196284c9c446cc0cdb944005384270d775fdeaf4f494d8e269466cfa497ef645"},
]

[[package]]
name = "srsly"
version = "2.4.8"
requires_python = ">=3.6"
summary = "Modern high-performance serialization utilities for Python"
dependencies = [
    "catalogue<2.1.0,>=2.0.3",
]
files = [
    {file = "srsly-2.4.8-cp311-cp311-macosx_10_9_x86_64.whl", hash = "sha256:5472ed9f581e10c32e79424c996cf54c46c42237759f4224806a0cd4bb770993"},
    {file = "srsly-2.4.8-cp311-cp311-macosx_11_0_arm64.whl", hash = "sha256:50f10afe9230072c5aad9f6636115ea99b32c102f4c61e8236d8642c73ec7a13"},
    {file = "srsly-2.4.8-cp311-cp311-manylinux_2_17_aarch64.manylinux2014_aarch64.whl", hash = "sha256:c994a89ba247a4d4f63ef9fdefb93aa3e1f98740e4800d5351ebd56992ac75e3"},
    {file = "srsly-2.4.8-cp311-cp311-manylinux_2_17_x86_64.manylinux2014_x86_64.whl", hash = "sha256:ace7ed4a0c20fa54d90032be32f9c656b6d75445168da78d14fe9080a0c208ad"},
    {file = "srsly-2.4.8-cp311-cp311-win_amd64.whl", hash = "sha256:7a919236a090fb93081fbd1cec030f675910f3863825b34a9afbcae71f643127"},
    {file = "srsly-2.4.8-cp312-cp312-macosx_10_9_x86_64.whl", hash = "sha256:7583c03d114b4478b7a357a1915305163e9eac2dfe080da900555c975cca2a11"},
    {file = "srsly-2.4.8-cp312-cp312-macosx_11_0_arm64.whl", hash = "sha256:94ccdd2f6db824c31266aaf93e0f31c1c43b8bc531cd2b3a1d924e3c26a4f294"},
    {file = "srsly-2.4.8-cp312-cp312-manylinux_2_17_aarch64.manylinux2014_aarch64.whl", hash = "sha256:db72d2974f91aee652d606c7def98744ca6b899bd7dd3009fd75ebe0b5a51034"},
    {file = "srsly-2.4.8-cp312-cp312-manylinux_2_17_x86_64.manylinux2014_x86_64.whl", hash = "sha256:6a60c905fd2c15e848ce1fc315fd34d8a9cc72c1dee022a0d8f4c62991131307"},
    {file = "srsly-2.4.8-cp312-cp312-win_amd64.whl", hash = "sha256:e0b8d5722057000694edf105b8f492e7eb2f3aa6247a5f0c9170d1e0d074151c"},
    {file = "srsly-2.4.8.tar.gz", hash = "sha256:b24d95a65009c2447e0b49cda043ac53fecf4f09e358d87a57446458f91b8a91"},
]

[[package]]
name = "thinc"
version = "8.2.1"
requires_python = ">=3.6"
summary = "A refreshing functional take on deep learning, compatible with your favorite libraries"
dependencies = [
    "blis<0.8.0,>=0.7.8",
    "catalogue<2.1.0,>=2.0.4",
    "confection<1.0.0,>=0.0.1",
    "cymem<2.1.0,>=2.0.2",
    "murmurhash<1.1.0,>=1.0.2",
    "numpy>=1.19.0; python_version >= \"3.9\"",
    "packaging>=20.0",
    "preshed<3.1.0,>=3.0.2",
    "pydantic!=1.8,!=1.8.1,<3.0.0,>=1.7.4",
    "setuptools",
    "srsly<3.0.0,>=2.4.0",
    "wasabi<1.2.0,>=0.8.1",
]
files = [
    {file = "thinc-8.2.1-cp311-cp311-macosx_10_9_x86_64.whl", hash = "sha256:0afbcd243d27c076b8c47aded8e5e0aff2ff683af6b95a39839fe3aea862cfd9"},
    {file = "thinc-8.2.1-cp311-cp311-macosx_11_0_arm64.whl", hash = "sha256:4704354879abb052fbd2c658cd6df20d7bba40790ded0e81e994c879849b62f4"},
    {file = "thinc-8.2.1-cp311-cp311-manylinux_2_17_aarch64.manylinux2014_aarch64.whl", hash = "sha256:8d6257369950002abe09d64b4f161d10d73af5df3764aea89f70cae018cca14b"},
    {file = "thinc-8.2.1-cp311-cp311-manylinux_2_17_x86_64.manylinux2014_x86_64.whl", hash = "sha256:7a2ce2f93a06f8e56796fd2b9d237b6f6ef36ccd9dec66cb38d0092a3947c875"},
    {file = "thinc-8.2.1-cp311-cp311-win_amd64.whl", hash = "sha256:5bbefd9939302ebed6d48f57b959be899b23a0c85f1afaf50c82e7b493e5de04"},
    {file = "thinc-8.2.1-cp312-cp312-macosx_10_9_x86_64.whl", hash = "sha256:70fabf9e3d7f4da9804be9d29800dab7506cac12598735edb05ed1cec7b2ee50"},
    {file = "thinc-8.2.1-cp312-cp312-macosx_11_0_arm64.whl", hash = "sha256:0fe6f36faa5a0a69d267d7196d821a9730b3bf1817941db2a83780a199599cd5"},
    {file = "thinc-8.2.1-cp312-cp312-manylinux_2_17_aarch64.manylinux2014_aarch64.whl", hash = "sha256:b8a1bc995cace52503c906b87ff0cf428b94435b8b70539c6e6ad29b526925c5"},
    {file = "thinc-8.2.1-cp312-cp312-manylinux_2_17_x86_64.manylinux2014_x86_64.whl", hash = "sha256:be1f169f01451010822cde5052db3fee25a0793abebe8fbd48d02955a33d0692"},
    {file = "thinc-8.2.1-cp312-cp312-win_amd64.whl", hash = "sha256:9cf766fac7e845e96e509ac9545ea1a60034a069aee3d75068b6e46da084c206"},
    {file = "thinc-8.2.1.tar.gz", hash = "sha256:cd7fdb3d883a15e6906254e7fb0162f69878e9ccdd1f8519db6ffbfe46bf6f49"},
]

[[package]]
name = "tqdm"
version = "4.66.1"
requires_python = ">=3.7"
summary = "Fast, Extensible Progress Meter"
dependencies = [
    "colorama; platform_system == \"Windows\"",
]
files = [
    {file = "tqdm-4.66.1-py3-none-any.whl", hash = "sha256:d302b3c5b53d47bce91fea46679d9c3c6508cf6332229aa1e7d8653723793386"},
    {file = "tqdm-4.66.1.tar.gz", hash = "sha256:d88e651f9db8d8551a62556d3cff9e3034274ca5d66e93197cf2490e2dcb69c7"},
]

[[package]]
name = "typer"
version = "0.9.0"
requires_python = ">=3.6"
summary = "Typer, build great CLIs. Easy to code. Based on Python type hints."
dependencies = [
    "click<9.0.0,>=7.1.1",
    "typing-extensions>=3.7.4.3",
]
files = [
    {file = "typer-0.9.0-py3-none-any.whl", hash = "sha256:5d96d986a21493606a358cae4461bd8cdf83cbf33a5aa950ae629ca3b51467ee"},
    {file = "typer-0.9.0.tar.gz", hash = "sha256:50922fd79aea2f4751a8e0408ff10d2662bd0c8bbfa84755a699f3bada2978b2"},
]

[[package]]
name = "typing-extensions"
version = "4.8.0"
requires_python = ">=3.8"
summary = "Backported and Experimental Type Hints for Python 3.8+"
files = [
    {file = "typing_extensions-4.8.0-py3-none-any.whl", hash = "sha256:8f92fc8806f9a6b641eaa5318da32b44d401efaac0f6678c9bc448ba3605faa0"},
    {file = "typing_extensions-4.8.0.tar.gz", hash = "sha256:df8e4339e9cb77357558cbdbceca33c303714cf861d1eef15e1070055ae8b7ef"},
]

[[package]]
name = "urllib3"
version = "2.1.0"
requires_python = ">=3.8"
summary = "HTTP library with thread-safe connection pooling, file post, and more."
files = [
    {file = "urllib3-2.1.0-py3-none-any.whl", hash = "sha256:55901e917a5896a349ff771be919f8bd99aff50b79fe58fec595eb37bbc56bb3"},
    {file = "urllib3-2.1.0.tar.gz", hash = "sha256:df7aa8afb0148fa78488e7899b2c59b5f4ffcfa82e6c54ccb9dd37c1d7b52d54"},
]

[[package]]
name = "wasabi"
version = "1.1.2"
requires_python = ">=3.6"
summary = "A lightweight console printing and formatting toolkit"
dependencies = [
    "colorama>=0.4.6; sys_platform == \"win32\" and python_version >= \"3.7\"",
]
files = [
    {file = "wasabi-1.1.2-py3-none-any.whl", hash = "sha256:0a3f933c4bf0ed3f93071132c1b87549733256d6c8de6473c5f7ed2e171b5cf9"},
    {file = "wasabi-1.1.2.tar.gz", hash = "sha256:1aaef3aceaa32edb9c91330d29d3936c0c39fdb965743549c173cb54b16c30b5"},
]

[[package]]
name = "weasel"
version = "0.3.4"
requires_python = ">=3.6"
summary = "Weasel: A small and easy workflow system"
dependencies = [
    "cloudpathlib<0.17.0,>=0.7.0",
    "confection<0.2.0,>=0.0.4",
    "packaging>=20.0",
    "pydantic!=1.8,!=1.8.1,<3.0.0,>=1.7.4",
    "requests<3.0.0,>=2.13.0",
    "smart-open<7.0.0,>=5.2.1",
    "srsly<3.0.0,>=2.4.3",
    "typer<0.10.0,>=0.3.0",
    "wasabi<1.2.0,>=0.9.1",
]
files = [
    {file = "weasel-0.3.4-py3-none-any.whl", hash = "sha256:ee48a944f051d007201c2ea1661d0c41035028c5d5a8bcb29a0b10f1100206ae"},
    {file = "weasel-0.3.4.tar.gz", hash = "sha256:eb16f92dc9f1a3ffa89c165e3a9acd28018ebb656e0da4da02c0d7d8ae3f6178"},
]
